
Microsoft Visual Studio Solution File, Format Version 12.00
# Visual Studio Version 17
VisualStudioVersion = 17.3.32804.467
MinimumVisualStudioVersion = 10.0.40219.1
Project("{FAE04EC0-301F-11D3-BF4B-00C04F79EFBC}") = "OnlineFoodDelivery", "OnlineFoodDelivery\OnlineFoodDelivery.csproj", "{B7005E26-A5E2-4B3F-8D8F-263306AD2EA4}"
EndProject
Global
	GlobalSection(SolutionConfigurationPlatforms) = preSolution
		Debug|Any CPU = Debug|Any CPU
		Release|Any CPU = Release|Any CPU
	EndGlobalSection
	GlobalSection(ProjectConfigurationPlatforms) = postSolution
		{B7005E26-A5E2-4B3F-8D8F-263306AD2EA4}.Debug|Any CPU.ActiveCfg = Debug|Any CPU
		{B7005E26-A5E2-4B3F-8D8F-263306AD2EA4}.Debug|Any CPU.Build.0 = Debug|Any CPU
		{B7005E26-A5E2-4B3F-8D8F-263306AD2EA4}.Release|Any CPU.ActiveCfg = Release|Any CPU
		{B7005E26-A5E2-4B3F-8D8F-263306AD2EA4}.Release|Any CPU.Build.0 = Release|Any CPU
	EndGlobalSection
	GlobalSection(SolutionProperties) = preSolution
		HideSolutionNode = FALSE
	EndGlobalSection
	GlobalSection(ExtensibilityGlobals) = postSolution
		SolutionGuid = {B767CE18-5805-45BB-B050-8828B63A24C3}
	EndGlobalSection
EndGlobal
